
Microsoft Visual Studio Solution File, Format Version 12.00
# Visual Studio Version 17
VisualStudioVersion = 17.1.32228.430
MinimumVisualStudioVersion = 10.0.40219.1
Project("{9A19103F-16F7-4668-BE54-9A1E7A4F7556}") = "Modelo", "Modelo\Modelo.csproj", "{9DE5D84A-58D0-4882-9D60-1E04238E1C97}"
EndProject
Project("{9A19103F-16F7-4668-BE54-9A1E7A4F7556}") = "PruebaTipoAnidado", "PruebaTipoAnidado\PruebaTipoAnidado.csproj", "{29F5D25A-D701-4AC5-9D08-ED2E86D363D7}"
EndProject
Project("{9A19103F-16F7-4668-BE54-9A1E7A4F7556}") = "PruebaAnotaciones", "PruebaAnotaciones\PruebaAnotaciones.csproj", "{BF8708F9-710E-4EF2-9025-C248F146FDEB}"
EndProject
Project("{9A19103F-16F7-4668-BE54-9A1E7A4F7556}") = "BoletaVenta", "BoletaVenta\BoletaVenta.csproj", "{56059534-C9A4-4958-9BBB-3AE2082C5CD1}"
EndProject
Project("{9A19103F-16F7-4668-BE54-9A1E7A4F7556}") = "pjPruebaAnotaciones", "pjPruebaAnotaciones\pjPruebaAnotaciones.csproj", "{EB454361-6E14-47BA-8DBF-44BB7A3E9E5A}"
EndProject
Global
	GlobalSection(SolutionConfigurationPlatforms) = preSolution
		Debug|Any CPU = Debug|Any CPU
		Release|Any CPU = Release|Any CPU
	EndGlobalSection
	GlobalSection(ProjectConfigurationPlatforms) = postSolution
		{9DE5D84A-58D0-4882-9D60-1E04238E1C97}.Debug|Any CPU.ActiveCfg = Debug|Any CPU
		{9DE5D84A-58D0-4882-9D60-1E04238E1C97}.Debug|Any CPU.Build.0 = Debug|Any CPU
		{9DE5D84A-58D0-4882-9D60-1E04238E1C97}.Release|Any CPU.ActiveCfg = Release|Any CPU
		{9DE5D84A-58D0-4882-9D60-1E04238E1C97}.Release|Any CPU.Build.0 = Release|Any CPU
		{29F5D25A-D701-4AC5-9D08-ED2E86D363D7}.Debug|Any CPU.ActiveCfg = Debug|Any CPU
		{29F5D25A-D701-4AC5-9D08-ED2E86D363D7}.Debug|Any CPU.Build.0 = Debug|Any CPU
		{29F5D25A-D701-4AC5-9D08-ED2E86D363D7}.Release|Any CPU.ActiveCfg = Release|Any CPU
		{29F5D25A-D701-4AC5-9D08-ED2E86D363D7}.Release|Any CPU.Build.0 = Release|Any CPU
		{BF8708F9-710E-4EF2-9025-C248F146FDEB}.Debug|Any CPU.ActiveCfg = Debug|Any CPU
		{BF8708F9-710E-4EF2-9025-C248F146FDEB}.Debug|Any CPU.Build.0 = Debug|Any CPU
		{BF8708F9-710E-4EF2-9025-C248F146FDEB}.Release|Any CPU.ActiveCfg = Release|Any CPU
		{BF8708F9-710E-4EF2-9025-C248F146FDEB}.Release|Any CPU.Build.0 = Release|Any CPU
		{56059534-C9A4-4958-9BBB-3AE2082C5CD1}.Debug|Any CPU.ActiveCfg = Debug|Any CPU
		{56059534-C9A4-4958-9BBB-3AE2082C5CD1}.Debug|Any CPU.Build.0 = Debug|Any CPU
		{56059534-C9A4-4958-9BBB-3AE2082C5CD1}.Release|Any CPU.ActiveCfg = Release|Any CPU
		{56059534-C9A4-4958-9BBB-3AE2082C5CD1}.Release|Any CPU.Build.0 = Release|Any CPU
		{EB454361-6E14-47BA-8DBF-44BB7A3E9E5A}.Debug|Any CPU.ActiveCfg = Debug|Any CPU
		{EB454361-6E14-47BA-8DBF-44BB7A3E9E5A}.Debug|Any CPU.Build.0 = Debug|Any CPU
		{EB454361-6E14-47BA-8DBF-44BB7A3E9E5A}.Release|Any CPU.ActiveCfg = Release|Any CPU
		{EB454361-6E14-47BA-8DBF-44BB7A3E9E5A}.Release|Any CPU.Build.0 = Release|Any CPU
	EndGlobalSection
	GlobalSection(SolutionProperties) = preSolution
		HideSolutionNode = FALSE
	EndGlobalSection
	GlobalSection(ExtensibilityGlobals) = postSolution
		SolutionGuid = {E068FAB9-CABB-45DD-91C8-A1BE99E5BF9D}
	EndGlobalSection
EndGlobal
